
Microsoft Visual Studio Solution File, Format Version 12.00
# Visual Studio 2013
VisualStudioVersion = 12.0.40629.0
MinimumVisualStudioVersion = 10.0.40219.1
Project("{8BC9CEB8-8B4A-11D0-8D11-00A0C91BC942}") = "CaffeLib", "MSVC\caffelib.vcxproj", "{7F271127-D68A-4B9B-ACCE-1369394ED6E5}"
EndProject
Project("{8BC9CEB8-8B4A-11D0-8D11-00A0C91BC942}") = "Caffe", "MSVC\caffe.vcxproj", "{537EF951-4B02-4103-A310-52A6F7C8D748}"
EndProject
Global
	GlobalSection(SolutionConfigurationPlatforms) = preSolution
		Debug|x64 = Debug|x64
		Release|x64 = Release|x64
	EndGlobalSection
	GlobalSection(ProjectConfigurationPlatforms) = postSolution
		{7F271127-D68A-4B9B-ACCE-1369394ED6E5}.Debug|x64.ActiveCfg = Debug|x64
		{7F271127-D68A-4B9B-ACCE-1369394ED6E5}.Debug|x64.Build.0 = Debug|x64
		{7F271127-D68A-4B9B-ACCE-1369394ED6E5}.Release|x64.ActiveCfg = Release|x64
		{7F271127-D68A-4B9B-ACCE-1369394ED6E5}.Release|x64.Build.0 = Release|x64
		{537EF951-4B02-4103-A310-52A6F7C8D748}.Debug|x64.ActiveCfg = Debug|x64
		{537EF951-4B02-4103-A310-52A6F7C8D748}.Debug|x64.Build.0 = Debug|x64
		{537EF951-4B02-4103-A310-52A6F7C8D748}.Release|x64.ActiveCfg = Release|x64
		{537EF951-4B02-4103-A310-52A6F7C8D748}.Release|x64.Build.0 = Release|x64
	EndGlobalSection
	GlobalSection(SolutionProperties) = preSolution
		HideSolutionNode = FALSE
	EndGlobalSection
EndGlobal
