<?xml version="1.0" encoding="utf-8"?>
<Project ToolsVersion="4.0" xmlns="http://schemas.microsoft.com/developer/msbuild/2003">
  <ItemGroup>
    <CudaCompile Include="..\src\caffe\layers\absval_layer.cu">
      <Filter>Source Files\layers</Filter>
    </CudaCompile>
    <CudaCompile Include="..\src\caffe\layers\base_data_layer.cu">
      <Filter>Source Files\layers</Filter>
    </CudaCompile>
    <CudaCompile Include="..\src\caffe\layers\bnll_layer.cu">
      <Filter>Source Files\layers</Filter>
    </CudaCompile>
    <CudaCompile Include="..\src\caffe\layers\concat_layer.cu">
      <Filter>Source Files\layers</Filter>
    </CudaCompile>
    <CudaCompile Include="..\src\caffe\layers\contrastive_loss_layer.cu">
      <Filter>Source Files\layers</Filter>
    </CudaCompile>
    <CudaCompile Include="..\src\caffe\layers\conv_layer.cu">
      <Filter>Source Files\layers</Filter>
    </CudaCompile>
    <CudaCompile Include="..\src\caffe\layers\cudnn_conv_layer.cu">
      <Filter>Source Files\layers</Filter>
    </CudaCompile>
    <CudaCompile Include="..\src\caffe\layers\cudnn_pooling_layer.cu">
      <Filter>Source Files\layers</Filter>
    </CudaCompile>
    <CudaCompile Include="..\src\caffe\layers\cudnn_relu_layer.cu">
      <Filter>Source Files\layers</Filter>
    </CudaCompile>
    <CudaCompile Include="..\src\caffe\layers\cudnn_sigmoid_layer.cu">
      <Filter>Source Files\layers</Filter>
    </CudaCompile>
    <CudaCompile Include="..\src\caffe\layers\cudnn_softmax_layer.cu">
      <Filter>Source Files\layers</Filter>
    </CudaCompile>
    <CudaCompile Include="..\src\caffe\layers\cudnn_tanh_layer.cu">
      <Filter>Source Files\layers</Filter>
    </CudaCompile>
    <CudaCompile Include="..\src\caffe\layers\deconv_layer.cu">
      <Filter>Source Files\layers</Filter>
    </CudaCompile>
    <CudaCompile Include="..\src\caffe\layers\dropout_layer.cu">
      <Filter>Source Files\layers</Filter>
    </CudaCompile>
    <CudaCompile Include="..\src\caffe\layers\eltwise_layer.cu">
      <Filter>Source Files\layers</Filter>
    </CudaCompile>
    <CudaCompile Include="..\src\caffe\layers\embed_layer.cu">
      <Filter>Source Files\layers</Filter>
    </CudaCompile>
    <CudaCompile Include="..\src\caffe\layers\euclidean_loss_layer.cu">
      <Filter>Source Files\layers</Filter>
    </CudaCompile>
    <CudaCompile Include="..\src\caffe\layers\exp_layer.cu">
      <Filter>Source Files\layers</Filter>
    </CudaCompile>
    <CudaCompile Include="..\src\caffe\layers\filter_layer.cu">
      <Filter>Source Files\layers</Filter>
    </CudaCompile>
    <CudaCompile Include="..\src\caffe\layers\hdf5_data_layer.cu">
      <Filter>Source Files\layers</Filter>
    </CudaCompile>
    <CudaCompile Include="..\src\caffe\layers\hdf5_output_layer.cu">
      <Filter>Source Files\layers</Filter>
    </CudaCompile>
    <CudaCompile Include="..\src\caffe\layers\im2col_layer.cu">
      <Filter>Source Files\layers</Filter>
    </CudaCompile>
    <CudaCompile Include="..\src\caffe\layers\inner_product_layer.cu">
      <Filter>Source Files\layers</Filter>
    </CudaCompile>
    <CudaCompile Include="..\src\caffe\layers\log_layer.cu">
      <Filter>Source Files\layers</Filter>
    </CudaCompile>
    <CudaCompile Include="..\src\caffe\layers\lrn_layer.cu">
      <Filter>Source Files\layers</Filter>
    </CudaCompile>
    <CudaCompile Include="..\src\caffe\layers\mvn_layer.cu">
      <Filter>Source Files\layers</Filter>
    </CudaCompile>
    <CudaCompile Include="..\src\caffe\layers\pooling_layer.cu">
      <Filter>Source Files\layers</Filter>
    </CudaCompile>
    <CudaCompile Include="..\src\caffe\layers\power_layer.cu">
      <Filter>Source Files\layers</Filter>
    </CudaCompile>
    <CudaCompile Include="..\src\caffe\layers\prelu_layer.cu">
      <Filter>Source Files\layers</Filter>
    </CudaCompile>
    <CudaCompile Include="..\src\caffe\layers\reduction_layer.cu">
      <Filter>Source Files\layers</Filter>
    </CudaCompile>
    <CudaCompile Include="..\src\caffe\layers\relu_layer.cu">
      <Filter>Source Files\layers</Filter>
    </CudaCompile>
    <CudaCompile Include="..\src\caffe\layers\sigmoid_cross_entropy_loss_layer.cu">
      <Filter>Source Files\layers</Filter>
    </CudaCompile>
    <CudaCompile Include="..\src\caffe\layers\sigmoid_layer.cu">
      <Filter>Source Files\layers</Filter>
    </CudaCompile>
    <CudaCompile Include="..\src\caffe\layers\silence_layer.cu">
      <Filter>Source Files\layers</Filter>
    </CudaCompile>
    <CudaCompile Include="..\src\caffe\layers\slice_layer.cu">
      <Filter>Source Files\layers</Filter>
    </CudaCompile>
    <CudaCompile Include="..\src\caffe\layers\softmax_layer.cu">
      <Filter>Source Files\layers</Filter>
    </CudaCompile>
    <CudaCompile Include="..\src\caffe\layers\softmax_loss_layer.cu">
      <Filter>Source Files\layers</Filter>
    </CudaCompile>
    <CudaCompile Include="..\src\caffe\layers\split_layer.cu">
      <Filter>Source Files\layers</Filter>
    </CudaCompile>
    <CudaCompile Include="..\src\caffe\layers\tanh_layer.cu">
      <Filter>Source Files\layers</Filter>
    </CudaCompile>
    <CudaCompile Include="..\src\caffe\layers\threshold_layer.cu">
      <Filter>Source Files\layers</Filter>
    </CudaCompile>
    <CudaCompile Include="..\src\caffe\layers\tile_layer.cu">
      <Filter>Source Files\layers</Filter>
    </CudaCompile>
    <CudaCompile Include="..\src\caffe\util\im2col.cu">
      <Filter>Source Files\util</Filter>
    </CudaCompile>
    <CudaCompile Include="..\src\caffe\util\math_functions.cu">
      <Filter>Source Files\util</Filter>
    </CudaCompile>
  </ItemGroup>
  <ItemGroup>
    <ClCompile Include="..\src\caffe\blob.cpp">
      <Filter>Source Files</Filter>
    </ClCompile>
    <ClCompile Include="..\src\caffe\common.cpp">
      <Filter>Source Files</Filter>
    </ClCompile>
    <ClCompile Include="..\src\caffe\data_transformer.cpp">
      <Filter>Source Files</Filter>
    </ClCompile>
    <ClCompile Include="..\src\caffe\internal_thread.cpp">
      <Filter>Source Files</Filter>
    </ClCompile>
    <ClCompile Include="..\src\caffe\layer_factory.cpp">
      <Filter>Source Files</Filter>
    </ClCompile>
    <ClCompile Include="..\src\caffe\net.cpp">
      <Filter>Source Files</Filter>
    </ClCompile>
    <ClCompile Include="..\src\caffe\solver.cpp">
      <Filter>Source Files</Filter>
    </ClCompile>
    <ClCompile Include="..\src\caffe\syncedmem.cpp">
      <Filter>Source Files</Filter>
    </ClCompile>
    <ClCompile Include="..\src\caffe\data_reader.cpp">
      <Filter>Source Files</Filter>
    </ClCompile>
    <ClCompile Include="..\src\caffe\layer.cpp">
      <Filter>Source Files</Filter>
    </ClCompile>
    <ClCompile Include="..\src\caffe\parallel.cpp">
      <Filter>Source Files</Filter>
    </ClCompile>
    <ClCompile Include="..\src\caffe\layers\absval_layer.cpp">
      <Filter>Source Files\layers</Filter>
    </ClCompile>
    <ClCompile Include="..\src\caffe\layers\accuracy_layer.cpp">
      <Filter>Source Files\layers</Filter>
    </ClCompile>
    <ClCompile Include="..\src\caffe\layers\argmax_layer.cpp">
      <Filter>Source Files\layers</Filter>
    </ClCompile>
    <ClCompile Include="..\src\caffe\layers\base_conv_layer.cpp">
      <Filter>Source Files\layers</Filter>
    </ClCompile>
    <ClCompile Include="..\src\caffe\layers\base_data_layer.cpp">
      <Filter>Source Files\layers</Filter>
    </ClCompile>
    <ClCompile Include="..\src\caffe\layers\bnll_layer.cpp">
      <Filter>Source Files\layers</Filter>
    </ClCompile>
    <ClCompile Include="..\src\caffe\layers\concat_layer.cpp">
      <Filter>Source Files\layers</Filter>
    </ClCompile>
    <ClCompile Include="..\src\caffe\layers\contrastive_loss_layer.cpp">
      <Filter>Source Files\layers</Filter>
    </ClCompile>
    <ClCompile Include="..\src\caffe\layers\conv_layer.cpp">
      <Filter>Source Files\layers</Filter>
    </ClCompile>
    <ClCompile Include="..\src\caffe\layers\cudnn_conv_layer.cpp">
      <Filter>Source Files\layers</Filter>
    </ClCompile>
    <ClCompile Include="..\src\caffe\layers\cudnn_pooling_layer.cpp">
      <Filter>Source Files\layers</Filter>
    </ClCompile>
    <ClCompile Include="..\src\caffe\layers\cudnn_relu_layer.cpp">
      <Filter>Source Files\layers</Filter>
    </ClCompile>
    <ClCompile Include="..\src\caffe\layers\cudnn_sigmoid_layer.cpp">
      <Filter>Source Files\layers</Filter>
    </ClCompile>
    <ClCompile Include="..\src\caffe\layers\cudnn_softmax_layer.cpp">
      <Filter>Source Files\layers</Filter>
    </ClCompile>
    <ClCompile Include="..\src\caffe\layers\cudnn_tanh_layer.cpp">
      <Filter>Source Files\layers</Filter>
    </ClCompile>
    <ClCompile Include="..\src\caffe\layers\data_layer.cpp">
      <Filter>Source Files\layers</Filter>
    </ClCompile>
    <ClCompile Include="..\src\caffe\layers\deconv_layer.cpp">
      <Filter>Source Files\layers</Filter>
    </ClCompile>
    <ClCompile Include="..\src\caffe\layers\dropout_layer.cpp">
      <Filter>Source Files\layers</Filter>
    </ClCompile>
    <ClCompile Include="..\src\caffe\layers\dummy_data_layer.cpp">
      <Filter>Source Files\layers</Filter>
    </ClCompile>
    <ClCompile Include="..\src\caffe\layers\eltwise_layer.cpp">
      <Filter>Source Files\layers</Filter>
    </ClCompile>
    <ClCompile Include="..\src\caffe\layers\embed_layer.cpp">
      <Filter>Source Files\layers</Filter>
    </ClCompile>
    <ClCompile Include="..\src\caffe\layers\euclidean_loss_layer.cpp">
      <Filter>Source Files\layers</Filter>
    </ClCompile>
    <ClCompile Include="..\src\caffe\layers\exp_layer.cpp">
      <Filter>Source Files\layers</Filter>
    </ClCompile>
    <ClCompile Include="..\src\caffe\layers\filter_layer.cpp">
      <Filter>Source Files\layers</Filter>
    </ClCompile>
    <ClCompile Include="..\src\caffe\layers\flatten_layer.cpp">
      <Filter>Source Files\layers</Filter>
    </ClCompile>
    <ClCompile Include="..\src\caffe\layers\hdf5_data_layer.cpp">
      <Filter>Source Files\layers</Filter>
    </ClCompile>
    <ClCompile Include="..\src\caffe\layers\hdf5_output_layer.cpp">
      <Filter>Source Files\layers</Filter>
    </ClCompile>
    <ClCompile Include="..\src\caffe\layers\hinge_loss_layer.cpp">
      <Filter>Source Files\layers</Filter>
    </ClCompile>
    <ClCompile Include="..\src\caffe\layers\im2col_layer.cpp">
      <Filter>Source Files\layers</Filter>
    </ClCompile>
    <ClCompile Include="..\src\caffe\layers\image_data_layer.cpp">
      <Filter>Source Files\layers</Filter>
    </ClCompile>
    <ClCompile Include="..\src\caffe\layers\infogain_loss_layer.cpp">
      <Filter>Source Files\layers</Filter>
    </ClCompile>
    <ClCompile Include="..\src\caffe\layers\inner_product_layer.cpp">
      <Filter>Source Files\layers</Filter>
    </ClCompile>
    <ClCompile Include="..\src\caffe\layers\log_layer.cpp">
      <Filter>Source Files\layers</Filter>
    </ClCompile>
    <ClCompile Include="..\src\caffe\layers\loss_layer.cpp">
      <Filter>Source Files\layers</Filter>
    </ClCompile>
    <ClCompile Include="..\src\caffe\layers\lrn_layer.cpp">
      <Filter>Source Files\layers</Filter>
    </ClCompile>
    <ClCompile Include="..\src\caffe\layers\memory_data_layer.cpp">
      <Filter>Source Files\layers</Filter>
    </ClCompile>
    <ClCompile Include="..\src\caffe\layers\multinomial_logistic_loss_layer.cpp">
      <Filter>Source Files\layers</Filter>
    </ClCompile>
    <ClCompile Include="..\src\caffe\layers\mvn_layer.cpp">
      <Filter>Source Files\layers</Filter>
    </ClCompile>
    <ClCompile Include="..\src\caffe\layers\neuron_layer.cpp">
      <Filter>Source Files\layers</Filter>
    </ClCompile>
    <ClCompile Include="..\src\caffe\layers\pooling_layer.cpp">
      <Filter>Source Files\layers</Filter>
    </ClCompile>
    <ClCompile Include="..\src\caffe\layers\power_layer.cpp">
      <Filter>Source Files\layers</Filter>
    </ClCompile>
    <ClCompile Include="..\src\caffe\layers\prelu_layer.cpp">
      <Filter>Source Files\layers</Filter>
    </ClCompile>
    <ClCompile Include="..\src\caffe\layers\reduction_layer.cpp">
      <Filter>Source Files\layers</Filter>
    </ClCompile>
    <ClCompile Include="..\src\caffe\layers\relu_layer.cpp">
      <Filter>Source Files\layers</Filter>
    </ClCompile>
    <ClCompile Include="..\src\caffe\layers\reshape_layer.cpp">
      <Filter>Source Files\layers</Filter>
    </ClCompile>
    <ClCompile Include="..\src\caffe\layers\sigmoid_cross_entropy_loss_layer.cpp">
      <Filter>Source Files\layers</Filter>
    </ClCompile>
    <ClCompile Include="..\src\caffe\layers\sigmoid_layer.cpp">
      <Filter>Source Files\layers</Filter>
    </ClCompile>
    <ClCompile Include="..\src\caffe\layers\silence_layer.cpp">
      <Filter>Source Files\layers</Filter>
    </ClCompile>
    <ClCompile Include="..\src\caffe\layers\slice_layer.cpp">
      <Filter>Source Files\layers</Filter>
    </ClCompile>
    <ClCompile Include="..\src\caffe\layers\softmax_layer.cpp">
      <Filter>Source Files\layers</Filter>
    </ClCompile>
    <ClCompile Include="..\src\caffe\layers\softmax_loss_layer.cpp">
      <Filter>Source Files\layers</Filter>
    </ClCompile>
    <ClCompile Include="..\src\caffe\layers\split_layer.cpp">
      <Filter>Source Files\layers</Filter>
    </ClCompile>
    <ClCompile Include="..\src\caffe\layers\spp_layer.cpp">
      <Filter>Source Files\layers</Filter>
    </ClCompile>
    <ClCompile Include="..\src\caffe\layers\tanh_layer.cpp">
      <Filter>Source Files\layers</Filter>
    </ClCompile>
    <ClCompile Include="..\src\caffe\layers\threshold_layer.cpp">
      <Filter>Source Files\layers</Filter>
    </ClCompile>
    <ClCompile Include="..\src\caffe\layers\tile_layer.cpp">
      <Filter>Source Files\layers</Filter>
    </ClCompile>
    <ClCompile Include="..\src\caffe\layers\window_data_layer.cpp">
      <Filter>Source Files\layers</Filter>
    </ClCompile>
    <ClCompile Include="..\src\caffe\util\benchmark.cpp">
      <Filter>Source Files\util</Filter>
    </ClCompile>
    <ClCompile Include="..\src\caffe\util\blocking_queue.cpp">
      <Filter>Source Files\util</Filter>
    </ClCompile>
    <ClCompile Include="..\src\caffe\util\cudnn.cpp">
      <Filter>Source Files\util</Filter>
    </ClCompile>
    <ClCompile Include="..\src\caffe\util\db.cpp">
      <Filter>Source Files\util</Filter>
    </ClCompile>
    <ClCompile Include="..\src\caffe\util\db_leveldb.cpp">
      <Filter>Source Files\util</Filter>
    </ClCompile>
    <ClCompile Include="..\src\caffe\util\db_lmdb.cpp">
      <Filter>Source Files\util</Filter>
    </ClCompile>
    <ClCompile Include="..\src\caffe\util\im2col.cpp">
      <Filter>Source Files\util</Filter>
    </ClCompile>
    <ClCompile Include="..\src\caffe\util\insert_splits.cpp">
      <Filter>Source Files\util</Filter>
    </ClCompile>
    <ClCompile Include="..\src\caffe\util\io.cpp">
      <Filter>Source Files\util</Filter>
    </ClCompile>
    <ClCompile Include="..\src\caffe\util\math_functions.cpp">
      <Filter>Source Files\util</Filter>
    </ClCompile>
    <ClCompile Include="..\src\caffe\util\signal_handler.cpp">
      <Filter>Source Files\util</Filter>
    </ClCompile>
    <ClCompile Include="..\src\caffe\util\upgrade_proto.cpp">
      <Filter>Source Files\util</Filter>
    </ClCompile>
    <ClCompile Include="..\src\caffe\proto\caffe.pb.cc">
      <Filter>Source Files</Filter>
    </ClCompile>
    <ClCompile Include="..\src\caffe\util\hdf5.cpp">
      <Filter>Source Files\util</Filter>
    </ClCompile>
    <ClCompile Include="..\src\caffe\layers\mil_data_layer.cpp">
      <Filter>Source Files\layers</Filter>
    </ClCompile>
    <ClCompile Include="..\src\caffe\layers\mil_layer.cpp">
      <Filter>Source Files\layers</Filter>
    </ClCompile>
    <ClCompile Include="..\src\caffe\layers\cross_entropy_loss_layer.cpp">
      <Filter>Source Files\layers</Filter>
    </ClCompile>
  </ItemGroup>
  <ItemGroup>
    <ClInclude Include="..\include\caffe\util\benchmark.hpp">
      <Filter>Head Files</Filter>
    </ClInclude>
    <ClInclude Include="..\include\caffe\blob.hpp">
      <Filter>Head Files</Filter>
    </ClInclude>
    <ClInclude Include="..\include\caffe\caffe.hpp">
      <Filter>Head Files</Filter>
    </ClInclude>
    <ClInclude Include="..\include\caffe\data_transformer.hpp">
      <Filter>Head Files</Filter>
    </ClInclude>
    <ClInclude Include="..\include\caffe\util\device_alternate.hpp">
      <Filter>Head Files</Filter>
    </ClInclude>
    <ClInclude Include="..\include\caffe\filler.hpp">
      <Filter>Head Files</Filter>
    </ClInclude>
    <ClInclude Include="..\include\caffe\util\im2col.hpp">
      <Filter>Head Files</Filter>
    </ClInclude>
    <ClInclude Include="..\include\caffe\util\insert_splits.hpp">
      <Filter>Head Files</Filter>
    </ClInclude>
    <ClInclude Include="..\include\caffe\internal_thread.hpp">
      <Filter>Head Files</Filter>
    </ClInclude>
    <ClInclude Include="..\include\caffe\layer.hpp">
      <Filter>Head Files</Filter>
    </ClInclude>
    <ClInclude Include="..\include\caffe\util\math_functions.hpp">
      <Filter>Head Files</Filter>
    </ClInclude>
    <ClInclude Include="..\include\caffe\util\mkl_alternate.hpp">
      <Filter>Head Files</Filter>
    </ClInclude>
    <ClInclude Include="..\include\caffe\net.hpp">
      <Filter>Head Files</Filter>
    </ClInclude>
    <ClInclude Include="..\include\caffe\solver.hpp">
      <Filter>Head Files</Filter>
    </ClInclude>
    <ClInclude Include="..\include\caffe\util\thread.hpp">
      <Filter>Head Files</Filter>
    </ClInclude>
    <ClInclude Include="..\include\caffe\syncedmem.hpp">
      <Filter>Head Files</Filter>
    </ClInclude>
    <ClInclude Include="..\include\caffe\common.hpp">
      <Filter>Head Files</Filter>
    </ClInclude>
    <ClInclude Include="..\include\caffe\util\cudnn.hpp">
      <Filter>Head Files</Filter>
    </ClInclude>
    <ClInclude Include="..\include\caffe\util\io.hpp">
      <Filter>Head Files</Filter>
    </ClInclude>
    <ClInclude Include="..\include\caffe\util\rng.hpp">
      <Filter>Head Files</Filter>
    </ClInclude>
    <ClInclude Include="..\include\caffe\util\upgrade_proto.hpp">
      <Filter>Head Files</Filter>
    </ClInclude>
    <ClInclude Include="..\include\caffe\common_layers.hpp">
      <Filter>Head Files</Filter>
    </ClInclude>
    <ClInclude Include="..\include\caffe\loss_layers.hpp">
      <Filter>Head Files</Filter>
    </ClInclude>
    <ClInclude Include="..\include\caffe\data_layers.hpp">
      <Filter>Head Files</Filter>
    </ClInclude>
    <ClInclude Include="..\include\caffe\vision_layers.hpp">
      <Filter>Head Files</Filter>
    </ClInclude>
    <ClInclude Include="..\include\caffe\neuron_layers.hpp">
      <Filter>Head Files</Filter>
    </ClInclude>
    <ClInclude Include="..\3rdparty\include\cudnn.h">
      <Filter>Head Files</Filter>
    </ClInclude>
    <ClInclude Include="..\include\caffe\util\msvc.hpp">
      <Filter>Head Files</Filter>
    </ClInclude>
  </ItemGroup>
  <ItemGroup>
    <Filter Include="Head Files">
      <UniqueIdentifier>{93c9d8fe-d851-4bff-951e-ca0a847fa914}</UniqueIdentifier>
    </Filter>
    <Filter Include="Source Files">
      <UniqueIdentifier>{96337b54-9395-4d43-8842-41c1449332e9}</UniqueIdentifier>
    </Filter>
    <Filter Include="Source Files\layers">
      <UniqueIdentifier>{5b7591ff-b0b4-4618-9be6-d8642730c68a}</UniqueIdentifier>
    </Filter>
    <Filter Include="Source Files\util">
      <UniqueIdentifier>{e7bb9e91-e346-4c51-a426-223799f528b7}</UniqueIdentifier>
    </Filter>
  </ItemGroup>
  <ItemGroup>
    <None Include="..\src\caffe\proto\caffe.proto" />
  </ItemGroup>
</Project>