<?xml version="1.0" encoding="utf-8"?>
<Project ToolsVersion="4.0" xmlns="http://schemas.microsoft.com/developer/msbuild/2003">
  <ItemGroup>
    <Filter Include="src">
      <UniqueIdentifier>{253af030-e1e0-426c-9a22-6315b0d2dab7}</UniqueIdentifier>
    </Filter>
    <Filter Include="src\util">
      <UniqueIdentifier>{36c36b62-e801-40f2-bba9-a79f09fa4dba}</UniqueIdentifier>
    </Filter>
    <Filter Include="src\layers">
      <UniqueIdentifier>{66b19093-f1ad-443e-b5d3-f55955ff0ae2}</UniqueIdentifier>
    </Filter>
    <Filter Include="include">
      <UniqueIdentifier>{3be25bf1-cf46-47da-b1ff-30cb442da7c5}</UniqueIdentifier>
    </Filter>
    <Filter Include="include\util">
      <UniqueIdentifier>{9e47fb53-4e3b-4e03-b677-a58cc26af7fb}</UniqueIdentifier>
    </Filter>
    <Filter Include="src\proto">
      <UniqueIdentifier>{bbb6f6f1-8a55-469b-8729-a61f87d6b63d}</UniqueIdentifier>
    </Filter>
    <Filter Include="include\proto">
      <UniqueIdentifier>{f9e33710-c82c-4808-90e7-96620a190b3c}</UniqueIdentifier>
    </Filter>
    <Filter Include="cu">
      <UniqueIdentifier>{9a64cba7-8bef-4df3-b933-adec019daadb}</UniqueIdentifier>
    </Filter>
    <Filter Include="cu\layers">
      <UniqueIdentifier>{96fba2c6-dad0-4766-b354-08a7768d57d8}</UniqueIdentifier>
    </Filter>
    <Filter Include="cu\util">
      <UniqueIdentifier>{e4995612-1b91-40ea-9756-44382eddca40}</UniqueIdentifier>
    </Filter>
    <Filter Include="src\solvers">
      <UniqueIdentifier>{c820c58e-d861-4d88-8b18-2180996d0657}</UniqueIdentifier>
    </Filter>
    <Filter Include="include\layers">
      <UniqueIdentifier>{f10cfd17-81b6-4a08-829d-1a1fa4769d2e}</UniqueIdentifier>
    </Filter>
    <Filter Include="cu\solvers">
      <UniqueIdentifier>{fcb8114c-3425-41da-b30a-af2cb33dd851}</UniqueIdentifier>
    </Filter>
  </ItemGroup>
  <ItemGroup>
    <ClCompile Include="..\..\src\caffe\util\im2col.cpp">
      <Filter>src\util</Filter>
    </ClCompile>
    <ClCompile Include="..\..\src\caffe\util\insert_splits.cpp">
      <Filter>src\util</Filter>
    </ClCompile>
    <ClCompile Include="..\..\src\caffe\util\io.cpp">
      <Filter>src\util</Filter>
    </ClCompile>
    <ClCompile Include="..\..\src\caffe\util\math_functions.cpp">
      <Filter>src\util</Filter>
    </ClCompile>
    <ClCompile Include="..\..\src\caffe\util\upgrade_proto.cpp">
      <Filter>src\util</Filter>
    </ClCompile>
    <ClCompile Include="..\..\src\caffe\util\benchmark.cpp">
      <Filter>src\util</Filter>
    </ClCompile>
    <ClCompile Include="..\..\src\caffe\proto\caffe.pb.cc">
      <Filter>src\proto</Filter>
    </ClCompile>
    <ClCompile Include="..\..\src\caffe\blob.cpp">
      <Filter>src</Filter>
    </ClCompile>
    <ClCompile Include="..\..\src\caffe\common.cpp">
      <Filter>src</Filter>
    </ClCompile>
    <ClCompile Include="..\..\src\caffe\data_transformer.cpp">
      <Filter>src</Filter>
    </ClCompile>
    <ClCompile Include="..\..\src\caffe\internal_thread.cpp">
      <Filter>src</Filter>
    </ClCompile>
    <ClCompile Include="..\..\src\caffe\layer_factory.cpp">
      <Filter>src</Filter>
    </ClCompile>
    <ClCompile Include="..\..\src\caffe\net.cpp">
      <Filter>src</Filter>
    </ClCompile>
    <ClCompile Include="..\..\src\caffe\solver.cpp">
      <Filter>src</Filter>
    </ClCompile>
    <ClCompile Include="..\..\src\caffe\syncedmem.cpp">
      <Filter>src</Filter>
    </ClCompile>
    <ClCompile Include="..\..\src\caffe\util\db.cpp">
      <Filter>src\util</Filter>
    </ClCompile>
    <ClCompile Include="..\..\src\caffe\util\cudnn.cpp">
      <Filter>src\util</Filter>
    </ClCompile>
    <ClCompile Include="..\..\src\caffe\util\db_leveldb.cpp">
      <Filter>src\util</Filter>
    </ClCompile>
    <ClCompile Include="..\..\src\caffe\util\db_lmdb.cpp">
      <Filter>src\util</Filter>
    </ClCompile>
    <ClCompile Include="..\..\src\caffe\util\hdf5.cpp">
      <Filter>src\util</Filter>
    </ClCompile>
    <ClCompile Include="..\..\src\caffe\layer.cpp">
      <Filter>src</Filter>
    </ClCompile>
    <ClCompile Include="..\..\src\caffe\parallel.cpp">
      <Filter>src</Filter>
    </ClCompile>
    <ClCompile Include="..\..\src\caffe\data_reader.cpp">
      <Filter>src</Filter>
    </ClCompile>
    <ClCompile Include="..\..\src\caffe\util\blocking_queue.cpp">
      <Filter>src\util</Filter>
    </ClCompile>
    <ClCompile Include="..\..\src\caffe\solvers\adadelta_solver.cpp">
      <Filter>src\solvers</Filter>
    </ClCompile>
    <ClCompile Include="..\..\src\caffe\solvers\adagrad_solver.cpp">
      <Filter>src\solvers</Filter>
    </ClCompile>
    <ClCompile Include="..\..\src\caffe\solvers\adam_solver.cpp">
      <Filter>src\solvers</Filter>
    </ClCompile>
    <ClCompile Include="..\..\src\caffe\solvers\nesterov_solver.cpp">
      <Filter>src\solvers</Filter>
    </ClCompile>
    <ClCompile Include="..\..\src\caffe\solvers\rmsprop_solver.cpp">
      <Filter>src\solvers</Filter>
    </ClCompile>
    <ClCompile Include="..\..\src\caffe\solvers\sgd_solver.cpp">
      <Filter>src\solvers</Filter>
    </ClCompile>
    <ClCompile Include="..\..\src\caffe\layers\absval_layer.cpp">
      <Filter>src\layers</Filter>
    </ClCompile>
    <ClCompile Include="..\..\src\caffe\layers\accuracy_layer.cpp">
      <Filter>src\layers</Filter>
    </ClCompile>
    <ClCompile Include="..\..\src\caffe\layers\argmax_layer.cpp">
      <Filter>src\layers</Filter>
    </ClCompile>
    <ClCompile Include="..\..\src\caffe\layers\base_conv_layer.cpp">
      <Filter>src\layers</Filter>
    </ClCompile>
    <ClCompile Include="..\..\src\caffe\layers\base_data_layer.cpp">
      <Filter>src\layers</Filter>
    </ClCompile>
    <ClCompile Include="..\..\src\caffe\layers\batch_norm_layer.cpp">
      <Filter>src\layers</Filter>
    </ClCompile>
    <ClCompile Include="..\..\src\caffe\layers\batch_reindex_layer.cpp">
      <Filter>src\layers</Filter>
    </ClCompile>
    <ClCompile Include="..\..\src\caffe\layers\bnll_layer.cpp">
      <Filter>src\layers</Filter>
    </ClCompile>
    <ClCompile Include="..\..\src\caffe\layers\concat_layer.cpp">
      <Filter>src\layers</Filter>
    </ClCompile>
    <ClCompile Include="..\..\src\caffe\layers\contrastive_loss_layer.cpp">
      <Filter>src\layers</Filter>
    </ClCompile>
    <ClCompile Include="..\..\src\caffe\layers\conv_layer.cpp">
      <Filter>src\layers</Filter>
    </ClCompile>
    <ClCompile Include="..\..\src\caffe\layers\crop_layer.cpp">
      <Filter>src\layers</Filter>
    </ClCompile>
    <ClCompile Include="..\..\src\caffe\layers\cudnn_conv_layer.cpp">
      <Filter>src\layers</Filter>
    </ClCompile>
    <ClCompile Include="..\..\src\caffe\layers\cudnn_lcn_layer.cpp">
      <Filter>src\layers</Filter>
    </ClCompile>
    <ClCompile Include="..\..\src\caffe\layers\cudnn_lrn_layer.cpp">
      <Filter>src\layers</Filter>
    </ClCompile>
    <ClCompile Include="..\..\src\caffe\layers\cudnn_pooling_layer.cpp">
      <Filter>src\layers</Filter>
    </ClCompile>
    <ClCompile Include="..\..\src\caffe\layers\cudnn_relu_layer.cpp">
      <Filter>src\layers</Filter>
    </ClCompile>
    <ClCompile Include="..\..\src\caffe\layers\cudnn_sigmoid_layer.cpp">
      <Filter>src\layers</Filter>
    </ClCompile>
    <ClCompile Include="..\..\src\caffe\layers\cudnn_softmax_layer.cpp">
      <Filter>src\layers</Filter>
    </ClCompile>
    <ClCompile Include="..\..\src\caffe\layers\cudnn_tanh_layer.cpp">
      <Filter>src\layers</Filter>
    </ClCompile>
    <ClCompile Include="..\..\src\caffe\layers\data_layer.cpp">
      <Filter>src\layers</Filter>
    </ClCompile>
    <ClCompile Include="..\..\src\caffe\layers\deconv_layer.cpp">
      <Filter>src\layers</Filter>
    </ClCompile>
    <ClCompile Include="..\..\src\caffe\layers\dropout_layer.cpp">
      <Filter>src\layers</Filter>
    </ClCompile>
    <ClCompile Include="..\..\src\caffe\layers\dummy_data_layer.cpp">
      <Filter>src\layers</Filter>
    </ClCompile>
    <ClCompile Include="..\..\src\caffe\layers\eltwise_layer.cpp">
      <Filter>src\layers</Filter>
    </ClCompile>
    <ClCompile Include="..\..\src\caffe\layers\embed_layer.cpp">
      <Filter>src\layers</Filter>
    </ClCompile>
    <ClCompile Include="..\..\src\caffe\layers\euclidean_loss_layer.cpp">
      <Filter>src\layers</Filter>
    </ClCompile>
    <ClCompile Include="..\..\src\caffe\layers\exp_layer.cpp">
      <Filter>src\layers</Filter>
    </ClCompile>
    <ClCompile Include="..\..\src\caffe\layers\filter_layer.cpp">
      <Filter>src\layers</Filter>
    </ClCompile>
    <ClCompile Include="..\..\src\caffe\layers\flatten_layer.cpp">
      <Filter>src\layers</Filter>
    </ClCompile>
    <ClCompile Include="..\..\src\caffe\layers\hdf5_data_layer.cpp">
      <Filter>src\layers</Filter>
    </ClCompile>
    <ClCompile Include="..\..\src\caffe\layers\hdf5_output_layer.cpp">
      <Filter>src\layers</Filter>
    </ClCompile>
    <ClCompile Include="..\..\src\caffe\layers\hinge_loss_layer.cpp">
      <Filter>src\layers</Filter>
    </ClCompile>
    <ClCompile Include="..\..\src\caffe\layers\im2col_layer.cpp">
      <Filter>src\layers</Filter>
    </ClCompile>
    <ClCompile Include="..\..\src\caffe\layers\image_data_layer.cpp">
      <Filter>src\layers</Filter>
    </ClCompile>
    <ClCompile Include="..\..\src\caffe\layers\infogain_loss_layer.cpp">
      <Filter>src\layers</Filter>
    </ClCompile>
    <ClCompile Include="..\..\src\caffe\layers\inner_product_layer.cpp">
      <Filter>src\layers</Filter>
    </ClCompile>
    <ClCompile Include="..\..\src\caffe\layers\input_layer.cpp">
      <Filter>src\layers</Filter>
    </ClCompile>
    <ClCompile Include="..\..\src\caffe\layers\log_layer.cpp">
      <Filter>src\layers</Filter>
    </ClCompile>
    <ClCompile Include="..\..\src\caffe\layers\loss_layer.cpp">
      <Filter>src\layers</Filter>
    </ClCompile>
    <ClCompile Include="..\..\src\caffe\layers\lrn_layer.cpp">
      <Filter>src\layers</Filter>
    </ClCompile>
    <ClCompile Include="..\..\src\caffe\layers\memory_data_layer.cpp">
      <Filter>src\layers</Filter>
    </ClCompile>
    <ClCompile Include="..\..\src\caffe\layers\multinomial_logistic_loss_layer.cpp">
      <Filter>src\layers</Filter>
    </ClCompile>
    <ClCompile Include="..\..\src\caffe\layers\mvn_layer.cpp">
      <Filter>src\layers</Filter>
    </ClCompile>
    <ClCompile Include="..\..\src\caffe\layers\neuron_layer.cpp">
      <Filter>src\layers</Filter>
    </ClCompile>
    <ClCompile Include="..\..\src\caffe\layers\parameter_layer.cpp">
      <Filter>src\layers</Filter>
    </ClCompile>
    <ClCompile Include="..\..\src\caffe\layers\pooling_layer.cpp">
      <Filter>src\layers</Filter>
    </ClCompile>
    <ClCompile Include="..\..\src\caffe\layers\power_layer.cpp">
      <Filter>src\layers</Filter>
    </ClCompile>
    <ClCompile Include="..\..\src\caffe\layers\prelu_layer.cpp">
      <Filter>src\layers</Filter>
    </ClCompile>
    <ClCompile Include="..\..\src\caffe\layers\reduction_layer.cpp">
      <Filter>src\layers</Filter>
    </ClCompile>
    <ClCompile Include="..\..\src\caffe\layers\relu_layer.cpp">
      <Filter>src\layers</Filter>
    </ClCompile>
    <ClCompile Include="..\..\src\caffe\layers\reshape_layer.cpp">
      <Filter>src\layers</Filter>
    </ClCompile>
    <ClCompile Include="..\..\src\caffe\layers\sigmoid_cross_entropy_loss_layer.cpp">
      <Filter>src\layers</Filter>
    </ClCompile>
    <ClCompile Include="..\..\src\caffe\layers\sigmoid_layer.cpp">
      <Filter>src\layers</Filter>
    </ClCompile>
    <ClCompile Include="..\..\src\caffe\layers\silence_layer.cpp">
      <Filter>src\layers</Filter>
    </ClCompile>
    <ClCompile Include="..\..\src\caffe\layers\slice_layer.cpp">
      <Filter>src\layers</Filter>
    </ClCompile>
    <ClCompile Include="..\..\src\caffe\layers\softmax_layer.cpp">
      <Filter>src\layers</Filter>
    </ClCompile>
    <ClCompile Include="..\..\src\caffe\layers\softmax_loss_layer.cpp">
      <Filter>src\layers</Filter>
    </ClCompile>
    <ClCompile Include="..\..\src\caffe\layers\split_layer.cpp">
      <Filter>src\layers</Filter>
    </ClCompile>
    <ClCompile Include="..\..\src\caffe\layers\spp_layer.cpp">
      <Filter>src\layers</Filter>
    </ClCompile>
    <ClCompile Include="..\..\src\caffe\layers\tanh_layer.cpp">
      <Filter>src\layers</Filter>
    </ClCompile>
    <ClCompile Include="..\..\src\caffe\layers\threshold_layer.cpp">
      <Filter>src\layers</Filter>
    </ClCompile>
    <ClCompile Include="..\..\src\caffe\layers\tile_layer.cpp">
      <Filter>src\layers</Filter>
    </ClCompile>
    <ClCompile Include="..\..\src\caffe\layers\window_data_layer.cpp">
      <Filter>src\layers</Filter>
    </ClCompile>
    <ClCompile Include="..\..\src\caffe\layers\bias_layer.cpp">
      <Filter>src\layers</Filter>
    </ClCompile>
    <ClCompile Include="..\..\src\caffe\layers\elu_layer.cpp">
      <Filter>src\layers</Filter>
    </ClCompile>
    <ClCompile Include="..\..\src\caffe\layers\scale_layer.cpp">
      <Filter>src\layers</Filter>
    </ClCompile>
    <ClCompile Include="..\..\src\caffe\util\signal_handler.cpp">
      <Filter>src\util</Filter>
    </ClCompile>
    <ClCompile Include="..\..\src\caffe\layers\psroi_pooling_layer.cpp">
      <Filter>src\layers</Filter>
    </ClCompile>
    <ClCompile Include="..\..\src\caffe\layers\smooth_l1_loss_layer.cpp">
      <Filter>src\layers</Filter>
    </ClCompile>
    <ClCompile Include="..\..\src\caffe\layers\softmax_loss_ohem_layer.cpp">
      <Filter>src\layers</Filter>
    </ClCompile>
    <ClCompile Include="..\..\src\caffe\layers\box_annotator_ohem_layer.cpp">
      <Filter>src\layers</Filter>
    </ClCompile>
    <ClCompile Include="..\..\src\caffe\layers\smooth_L1_loss_ohem_layer.cpp">
      <Filter>src\layers</Filter>
    </ClCompile>
  </ItemGroup>
  <ItemGroup>
    <ClInclude Include="..\..\include\caffe\proto\caffe.pb.h">
      <Filter>include\proto</Filter>
    </ClInclude>
    <ClInclude Include="..\..\include\caffe\util\benchmark.hpp">
      <Filter>include\util</Filter>
    </ClInclude>
    <ClInclude Include="..\..\include\caffe\util\cudnn.hpp">
      <Filter>include\util</Filter>
    </ClInclude>
    <ClInclude Include="..\..\include\caffe\util\device_alternate.hpp">
      <Filter>include\util</Filter>
    </ClInclude>
    <ClInclude Include="..\..\include\caffe\util\im2col.hpp">
      <Filter>include\util</Filter>
    </ClInclude>
    <ClInclude Include="..\..\include\caffe\util\insert_splits.hpp">
      <Filter>include\util</Filter>
    </ClInclude>
    <ClInclude Include="..\..\include\caffe\util\io.hpp">
      <Filter>include\util</Filter>
    </ClInclude>
    <ClInclude Include="..\..\include\caffe\util\math_functions.hpp">
      <Filter>include\util</Filter>
    </ClInclude>
    <ClInclude Include="..\..\include\caffe\util\mkl_alternate.hpp">
      <Filter>include\util</Filter>
    </ClInclude>
    <ClInclude Include="..\..\include\caffe\util\rng.hpp">
      <Filter>include\util</Filter>
    </ClInclude>
    <ClInclude Include="..\..\include\caffe\util\upgrade_proto.hpp">
      <Filter>include\util</Filter>
    </ClInclude>
    <ClInclude Include="..\..\include\caffe\util\db.hpp">
      <Filter>include\util</Filter>
    </ClInclude>
    <ClInclude Include="..\..\include\caffe\util\db_leveldb.hpp">
      <Filter>include\util</Filter>
    </ClInclude>
    <ClInclude Include="..\..\include\caffe\util\db_lmdb.hpp">
      <Filter>include\util</Filter>
    </ClInclude>
    <ClInclude Include="..\..\include\caffe\util\hdf5.hpp">
      <Filter>include\util</Filter>
    </ClInclude>
    <ClInclude Include="..\..\include\caffe\util\blocking_queue.hpp">
      <Filter>include\util</Filter>
    </ClInclude>
    <ClInclude Include="..\..\include\caffe\util\signal_handler.h">
      <Filter>include\util</Filter>
    </ClInclude>
    <ClInclude Include="..\..\include\caffe\layers\absval_layer.hpp">
      <Filter>include\layers</Filter>
    </ClInclude>
    <ClInclude Include="..\..\include\caffe\layers\accuracy_layer.hpp">
      <Filter>include\layers</Filter>
    </ClInclude>
    <ClInclude Include="..\..\include\caffe\layers\argmax_layer.hpp">
      <Filter>include\layers</Filter>
    </ClInclude>
    <ClInclude Include="..\..\include\caffe\layers\base_conv_layer.hpp">
      <Filter>include\layers</Filter>
    </ClInclude>
    <ClInclude Include="..\..\include\caffe\layers\base_data_layer.hpp">
      <Filter>include\layers</Filter>
    </ClInclude>
    <ClInclude Include="..\..\include\caffe\layers\batch_norm_layer.hpp">
      <Filter>include\layers</Filter>
    </ClInclude>
    <ClInclude Include="..\..\include\caffe\layers\batch_reindex_layer.hpp">
      <Filter>include\layers</Filter>
    </ClInclude>
    <ClInclude Include="..\..\include\caffe\layers\bnll_layer.hpp">
      <Filter>include\layers</Filter>
    </ClInclude>
    <ClInclude Include="..\..\include\caffe\layers\concat_layer.hpp">
      <Filter>include\layers</Filter>
    </ClInclude>
    <ClInclude Include="..\..\include\caffe\layers\contrastive_loss_layer.hpp">
      <Filter>include\layers</Filter>
    </ClInclude>
    <ClInclude Include="..\..\include\caffe\layers\conv_layer.hpp">
      <Filter>include\layers</Filter>
    </ClInclude>
    <ClInclude Include="..\..\include\caffe\layers\crop_layer.hpp">
      <Filter>include\layers</Filter>
    </ClInclude>
    <ClInclude Include="..\..\include\caffe\layers\cudnn_conv_layer.hpp">
      <Filter>include\layers</Filter>
    </ClInclude>
    <ClInclude Include="..\..\include\caffe\layers\cudnn_lcn_layer.hpp">
      <Filter>include\layers</Filter>
    </ClInclude>
    <ClInclude Include="..\..\include\caffe\layers\cudnn_lrn_layer.hpp">
      <Filter>include\layers</Filter>
    </ClInclude>
    <ClInclude Include="..\..\include\caffe\layers\cudnn_pooling_layer.hpp">
      <Filter>include\layers</Filter>
    </ClInclude>
    <ClInclude Include="..\..\include\caffe\layers\cudnn_relu_layer.hpp">
      <Filter>include\layers</Filter>
    </ClInclude>
    <ClInclude Include="..\..\include\caffe\layers\cudnn_sigmoid_layer.hpp">
      <Filter>include\layers</Filter>
    </ClInclude>
    <ClInclude Include="..\..\include\caffe\layers\cudnn_softmax_layer.hpp">
      <Filter>include\layers</Filter>
    </ClInclude>
    <ClInclude Include="..\..\include\caffe\layers\cudnn_tanh_layer.hpp">
      <Filter>include\layers</Filter>
    </ClInclude>
    <ClInclude Include="..\..\include\caffe\layers\data_layer.hpp">
      <Filter>include\layers</Filter>
    </ClInclude>
    <ClInclude Include="..\..\include\caffe\layers\deconv_layer.hpp">
      <Filter>include\layers</Filter>
    </ClInclude>
    <ClInclude Include="..\..\include\caffe\layers\dropout_layer.hpp">
      <Filter>include\layers</Filter>
    </ClInclude>
    <ClInclude Include="..\..\include\caffe\layers\dummy_data_layer.hpp">
      <Filter>include\layers</Filter>
    </ClInclude>
    <ClInclude Include="..\..\include\caffe\layers\eltwise_layer.hpp">
      <Filter>include\layers</Filter>
    </ClInclude>
    <ClInclude Include="..\..\include\caffe\layers\embed_layer.hpp">
      <Filter>include\layers</Filter>
    </ClInclude>
    <ClInclude Include="..\..\include\caffe\layers\euclidean_loss_layer.hpp">
      <Filter>include\layers</Filter>
    </ClInclude>
    <ClInclude Include="..\..\include\caffe\layers\exp_layer.hpp">
      <Filter>include\layers</Filter>
    </ClInclude>
    <ClInclude Include="..\..\include\caffe\layers\filter_layer.hpp">
      <Filter>include\layers</Filter>
    </ClInclude>
    <ClInclude Include="..\..\include\caffe\layers\flatten_layer.hpp">
      <Filter>include\layers</Filter>
    </ClInclude>
    <ClInclude Include="..\..\include\caffe\layers\hdf5_data_layer.hpp">
      <Filter>include\layers</Filter>
    </ClInclude>
    <ClInclude Include="..\..\include\caffe\layers\hdf5_output_layer.hpp">
      <Filter>include\layers</Filter>
    </ClInclude>
    <ClInclude Include="..\..\include\caffe\layers\hinge_loss_layer.hpp">
      <Filter>include\layers</Filter>
    </ClInclude>
    <ClInclude Include="..\..\include\caffe\layers\im2col_layer.hpp">
      <Filter>include\layers</Filter>
    </ClInclude>
    <ClInclude Include="..\..\include\caffe\layers\image_data_layer.hpp">
      <Filter>include\layers</Filter>
    </ClInclude>
    <ClInclude Include="..\..\include\caffe\layers\infogain_loss_layer.hpp">
      <Filter>include\layers</Filter>
    </ClInclude>
    <ClInclude Include="..\..\include\caffe\layers\inner_product_layer.hpp">
      <Filter>include\layers</Filter>
    </ClInclude>
    <ClInclude Include="..\..\include\caffe\layers\input_layer.hpp">
      <Filter>include\layers</Filter>
    </ClInclude>
    <ClInclude Include="..\..\include\caffe\layers\log_layer.hpp">
      <Filter>include\layers</Filter>
    </ClInclude>
    <ClInclude Include="..\..\include\caffe\layers\loss_layer.hpp">
      <Filter>include\layers</Filter>
    </ClInclude>
    <ClInclude Include="..\..\include\caffe\layers\lrn_layer.hpp">
      <Filter>include\layers</Filter>
    </ClInclude>
    <ClInclude Include="..\..\include\caffe\layers\memory_data_layer.hpp">
      <Filter>include\layers</Filter>
    </ClInclude>
    <ClInclude Include="..\..\include\caffe\layers\multinomial_logistic_loss_layer.hpp">
      <Filter>include\layers</Filter>
    </ClInclude>
    <ClInclude Include="..\..\include\caffe\layers\mvn_layer.hpp">
      <Filter>include\layers</Filter>
    </ClInclude>
    <ClInclude Include="..\..\include\caffe\layers\neuron_layer.hpp">
      <Filter>include\layers</Filter>
    </ClInclude>
    <ClInclude Include="..\..\include\caffe\layers\parameter_layer.hpp">
      <Filter>include\layers</Filter>
    </ClInclude>
    <ClInclude Include="..\..\include\caffe\layers\pooling_layer.hpp">
      <Filter>include\layers</Filter>
    </ClInclude>
    <ClInclude Include="..\..\include\caffe\layers\power_layer.hpp">
      <Filter>include\layers</Filter>
    </ClInclude>
    <ClInclude Include="..\..\include\caffe\layers\prelu_layer.hpp">
      <Filter>include\layers</Filter>
    </ClInclude>
    <ClInclude Include="..\..\include\caffe\layers\python_layer.hpp">
      <Filter>include\layers</Filter>
    </ClInclude>
    <ClInclude Include="..\..\include\caffe\layers\reduction_layer.hpp">
      <Filter>include\layers</Filter>
    </ClInclude>
    <ClInclude Include="..\..\include\caffe\layers\relu_layer.hpp">
      <Filter>include\layers</Filter>
    </ClInclude>
    <ClInclude Include="..\..\include\caffe\layers\reshape_layer.hpp">
      <Filter>include\layers</Filter>
    </ClInclude>
    <ClInclude Include="..\..\include\caffe\layers\sigmoid_cross_entropy_loss_layer.hpp">
      <Filter>include\layers</Filter>
    </ClInclude>
    <ClInclude Include="..\..\include\caffe\layers\sigmoid_layer.hpp">
      <Filter>include\layers</Filter>
    </ClInclude>
    <ClInclude Include="..\..\include\caffe\layers\silence_layer.hpp">
      <Filter>include\layers</Filter>
    </ClInclude>
    <ClInclude Include="..\..\include\caffe\layers\slice_layer.hpp">
      <Filter>include\layers</Filter>
    </ClInclude>
    <ClInclude Include="..\..\include\caffe\layers\softmax_layer.hpp">
      <Filter>include\layers</Filter>
    </ClInclude>
    <ClInclude Include="..\..\include\caffe\layers\softmax_loss_layer.hpp">
      <Filter>include\layers</Filter>
    </ClInclude>
    <ClInclude Include="..\..\include\caffe\layers\split_layer.hpp">
      <Filter>include\layers</Filter>
    </ClInclude>
    <ClInclude Include="..\..\include\caffe\layers\spp_layer.hpp">
      <Filter>include\layers</Filter>
    </ClInclude>
    <ClInclude Include="..\..\include\caffe\layers\tanh_layer.hpp">
      <Filter>include\layers</Filter>
    </ClInclude>
    <ClInclude Include="..\..\include\caffe\layers\threshold_layer.hpp">
      <Filter>include\layers</Filter>
    </ClInclude>
    <ClInclude Include="..\..\include\caffe\layers\tile_layer.hpp">
      <Filter>include\layers</Filter>
    </ClInclude>
    <ClInclude Include="..\..\include\caffe\layers\window_data_layer.hpp">
      <Filter>include\layers</Filter>
    </ClInclude>
    <ClInclude Include="..\..\include\caffe\blob.hpp">
      <Filter>include</Filter>
    </ClInclude>
    <ClInclude Include="..\..\include\caffe\caffe.hpp">
      <Filter>include</Filter>
    </ClInclude>
    <ClInclude Include="..\..\include\caffe\common.hpp">
      <Filter>include</Filter>
    </ClInclude>
    <ClInclude Include="..\..\include\caffe\data_reader.hpp">
      <Filter>include</Filter>
    </ClInclude>
    <ClInclude Include="..\..\include\caffe\data_transformer.hpp">
      <Filter>include</Filter>
    </ClInclude>
    <ClInclude Include="..\..\include\caffe\filler.hpp">
      <Filter>include</Filter>
    </ClInclude>
    <ClInclude Include="..\..\include\caffe\internal_thread.hpp">
      <Filter>include</Filter>
    </ClInclude>
    <ClInclude Include="..\..\include\caffe\layer.hpp">
      <Filter>include</Filter>
    </ClInclude>
    <ClInclude Include="..\..\include\caffe\layer_factory.hpp">
      <Filter>include</Filter>
    </ClInclude>
    <ClInclude Include="..\..\include\caffe\net.hpp">
      <Filter>include</Filter>
    </ClInclude>
    <ClInclude Include="..\..\include\caffe\parallel.hpp">
      <Filter>include</Filter>
    </ClInclude>
    <ClInclude Include="..\..\include\caffe\sgd_solvers.hpp">
      <Filter>include</Filter>
    </ClInclude>
    <ClInclude Include="..\..\include\caffe\solver.hpp">
      <Filter>include</Filter>
    </ClInclude>
    <ClInclude Include="..\..\include\caffe\solver_factory.hpp">
      <Filter>include</Filter>
    </ClInclude>
    <ClInclude Include="..\..\include\caffe\syncedmem.hpp">
      <Filter>include</Filter>
    </ClInclude>
    <ClInclude Include="..\..\include\caffe\layers\bias_layer.hpp">
      <Filter>include\layers</Filter>
    </ClInclude>
    <ClInclude Include="..\..\include\caffe\layers\elu_layer.hpp">
      <Filter>include\layers</Filter>
    </ClInclude>
    <ClInclude Include="..\..\include\caffe\layers\scale_layer.hpp">
      <Filter>include\layers</Filter>
    </ClInclude>
    <ClInclude Include="..\..\include\caffe\layers\psroi_pooling_layer.hpp">
      <Filter>include\layers</Filter>
    </ClInclude>
    <ClInclude Include="..\..\include\caffe\layers\smooth_l1_loss_layer.hpp">
      <Filter>include\layers</Filter>
    </ClInclude>
  </ItemGroup>
  <ItemGroup>
    <CudaCompile Include="..\..\src\caffe\layers\contrastive_loss_layer.cu">
      <Filter>cu\layers</Filter>
    </CudaCompile>
    <CudaCompile Include="..\..\src\caffe\layers\euclidean_loss_layer.cu">
      <Filter>cu\layers</Filter>
    </CudaCompile>
    <CudaCompile Include="..\..\src\caffe\layers\sigmoid_cross_entropy_loss_layer.cu">
      <Filter>cu\layers</Filter>
    </CudaCompile>
    <CudaCompile Include="..\..\src\caffe\layers\softmax_layer.cu">
      <Filter>cu\layers</Filter>
    </CudaCompile>
    <CudaCompile Include="..\..\src\caffe\layers\softmax_loss_layer.cu">
      <Filter>cu\layers</Filter>
    </CudaCompile>
    <CudaCompile Include="..\..\src\caffe\layers\absval_layer.cu">
      <Filter>cu\layers</Filter>
    </CudaCompile>
    <CudaCompile Include="..\..\src\caffe\layers\bnll_layer.cu">
      <Filter>cu\layers</Filter>
    </CudaCompile>
    <CudaCompile Include="..\..\src\caffe\layers\cudnn_relu_layer.cu">
      <Filter>cu\layers</Filter>
    </CudaCompile>
    <CudaCompile Include="..\..\src\caffe\layers\cudnn_sigmoid_layer.cu">
      <Filter>cu\layers</Filter>
    </CudaCompile>
    <CudaCompile Include="..\..\src\caffe\layers\cudnn_softmax_layer.cu">
      <Filter>cu\layers</Filter>
    </CudaCompile>
    <CudaCompile Include="..\..\src\caffe\layers\cudnn_tanh_layer.cu">
      <Filter>cu\layers</Filter>
    </CudaCompile>
    <CudaCompile Include="..\..\src\caffe\layers\dropout_layer.cu">
      <Filter>cu\layers</Filter>
    </CudaCompile>
    <CudaCompile Include="..\..\src\caffe\layers\power_layer.cu">
      <Filter>cu\layers</Filter>
    </CudaCompile>
    <CudaCompile Include="..\..\src\caffe\layers\relu_layer.cu">
      <Filter>cu\layers</Filter>
    </CudaCompile>
    <CudaCompile Include="..\..\src\caffe\layers\sigmoid_layer.cu">
      <Filter>cu\layers</Filter>
    </CudaCompile>
    <CudaCompile Include="..\..\src\caffe\layers\tanh_layer.cu">
      <Filter>cu\layers</Filter>
    </CudaCompile>
    <CudaCompile Include="..\..\src\caffe\layers\threshold_layer.cu">
      <Filter>cu\layers</Filter>
    </CudaCompile>
    <CudaCompile Include="..\..\src\caffe\layers\concat_layer.cu">
      <Filter>cu\layers</Filter>
    </CudaCompile>
    <CudaCompile Include="..\..\src\caffe\layers\eltwise_layer.cu">
      <Filter>cu\layers</Filter>
    </CudaCompile>
    <CudaCompile Include="..\..\src\caffe\layers\inner_product_layer.cu">
      <Filter>cu\layers</Filter>
    </CudaCompile>
    <CudaCompile Include="..\..\src\caffe\layers\lrn_layer.cu">
      <Filter>cu\layers</Filter>
    </CudaCompile>
    <CudaCompile Include="..\..\src\caffe\layers\mvn_layer.cu">
      <Filter>cu\layers</Filter>
    </CudaCompile>
    <CudaCompile Include="..\..\src\caffe\layers\silence_layer.cu">
      <Filter>cu\layers</Filter>
    </CudaCompile>
    <CudaCompile Include="..\..\src\caffe\layers\slice_layer.cu">
      <Filter>cu\layers</Filter>
    </CudaCompile>
    <CudaCompile Include="..\..\src\caffe\layers\split_layer.cu">
      <Filter>cu\layers</Filter>
    </CudaCompile>
    <CudaCompile Include="..\..\src\caffe\layers\base_data_layer.cu">
      <Filter>cu\layers</Filter>
    </CudaCompile>
    <CudaCompile Include="..\..\src\caffe\layers\hdf5_data_layer.cu">
      <Filter>cu\layers</Filter>
    </CudaCompile>
    <CudaCompile Include="..\..\src\caffe\layers\hdf5_output_layer.cu">
      <Filter>cu\layers</Filter>
    </CudaCompile>
    <CudaCompile Include="..\..\src\caffe\util\im2col.cu">
      <Filter>cu\util</Filter>
    </CudaCompile>
    <CudaCompile Include="..\..\src\caffe\util\math_functions.cu">
      <Filter>cu\util</Filter>
    </CudaCompile>
    <CudaCompile Include="..\..\src\caffe\layers\reduction_layer.cu">
      <Filter>cu\layers</Filter>
    </CudaCompile>
    <CudaCompile Include="..\..\src\caffe\layers\prelu_layer.cu">
      <Filter>cu\layers</Filter>
    </CudaCompile>
    <CudaCompile Include="..\..\src\caffe\layers\deconv_layer.cu">
      <Filter>cu\layers</Filter>
    </CudaCompile>
    <CudaCompile Include="..\..\src\caffe\layers\im2col_layer.cu">
      <Filter>cu\layers</Filter>
    </CudaCompile>
    <CudaCompile Include="..\..\src\caffe\layers\conv_layer.cu">
      <Filter>cu\layers</Filter>
    </CudaCompile>
    <CudaCompile Include="..\..\src\caffe\layers\crop_layer.cu">
      <Filter>cu\layers</Filter>
    </CudaCompile>
    <CudaCompile Include="..\..\src\caffe\layers\batch_norm_layer.cu">
      <Filter>cu\layers</Filter>
    </CudaCompile>
    <CudaCompile Include="..\..\src\caffe\layers\batch_reindex_layer.cu">
      <Filter>cu\layers</Filter>
    </CudaCompile>
    <CudaCompile Include="..\..\src\caffe\layers\cudnn_conv_layer.cu">
      <Filter>cu\layers</Filter>
    </CudaCompile>
    <CudaCompile Include="..\..\src\caffe\layers\cudnn_lcn_layer.cu">
      <Filter>cu\layers</Filter>
    </CudaCompile>
    <CudaCompile Include="..\..\src\caffe\layers\cudnn_lrn_layer.cu">
      <Filter>cu\layers</Filter>
    </CudaCompile>
    <CudaCompile Include="..\..\src\caffe\layers\cudnn_pooling_layer.cu">
      <Filter>cu\layers</Filter>
    </CudaCompile>
    <CudaCompile Include="..\..\src\caffe\layers\pooling_layer.cu">
      <Filter>cu\layers</Filter>
    </CudaCompile>
    <CudaCompile Include="..\..\src\caffe\layers\exp_layer.cu">
      <Filter>cu\layers</Filter>
    </CudaCompile>
    <CudaCompile Include="..\..\src\caffe\layers\filter_layer.cu">
      <Filter>cu\layers</Filter>
    </CudaCompile>
    <CudaCompile Include="..\..\src\caffe\layers\log_layer.cu">
      <Filter>cu\layers</Filter>
    </CudaCompile>
    <CudaCompile Include="..\..\src\caffe\layers\tile_layer.cu">
      <Filter>cu\layers</Filter>
    </CudaCompile>
    <CudaCompile Include="..\..\src\caffe\layers\embed_layer.cu">
      <Filter>cu\layers</Filter>
    </CudaCompile>
    <CudaCompile Include="..\..\src\caffe\layers\bias_layer.cu">
      <Filter>cu\layers</Filter>
    </CudaCompile>
    <CudaCompile Include="..\..\src\caffe\layers\elu_layer.cu">
      <Filter>cu\layers</Filter>
    </CudaCompile>
    <CudaCompile Include="..\..\src\caffe\layers\scale_layer.cu">
      <Filter>cu\layers</Filter>
    </CudaCompile>
    <CudaCompile Include="..\..\src\caffe\solvers\adadelta_solver.cu">
      <Filter>cu\solvers</Filter>
    </CudaCompile>
    <CudaCompile Include="..\..\src\caffe\solvers\adagrad_solver.cu">
      <Filter>cu\solvers</Filter>
    </CudaCompile>
    <CudaCompile Include="..\..\src\caffe\solvers\adam_solver.cu">
      <Filter>cu\solvers</Filter>
    </CudaCompile>
    <CudaCompile Include="..\..\src\caffe\solvers\nesterov_solver.cu">
      <Filter>cu\solvers</Filter>
    </CudaCompile>
    <CudaCompile Include="..\..\src\caffe\solvers\rmsprop_solver.cu">
      <Filter>cu\solvers</Filter>
    </CudaCompile>
    <CudaCompile Include="..\..\src\caffe\solvers\sgd_solver.cu">
      <Filter>cu\solvers</Filter>
    </CudaCompile>
    <CudaCompile Include="..\..\src\caffe\layers\psroi_pooling_layer.cu">
      <Filter>cu\layers</Filter>
    </CudaCompile>
    <CudaCompile Include="..\..\src\caffe\layers\smooth_l1_loss_layer.cu">
      <Filter>cu\layers</Filter>
    </CudaCompile>
    <CudaCompile Include="..\..\src\caffe\layers\softmax_loss_ohem_layer.cu">
      <Filter>cu\layers</Filter>
    </CudaCompile>
    <CudaCompile Include="..\..\src\caffe\layers\box_annotator_ohem_layer.cu">
      <Filter>cu\layers</Filter>
    </CudaCompile>
    <CudaCompile Include="..\..\src\caffe\layers\smooth_L1_loss_ohem_layer.cu">
      <Filter>cu\layers</Filter>
    </CudaCompile>
  </ItemGroup>
  <ItemGroup>
    <None Include="packages.config" />
  </ItemGroup>
</Project>